# This file is automatically @generated by Cargo.
# It is not intended for manual editing.
version = 4

[[package]]
name = "telnet"
version = "0.2.5"
source = "registry+https://github.com/rust-lang/crates.io-index"
checksum = "01b97995bb05d87c31d04870a7b5393228017d12971d446e30d0739f484c5968"

[[package]]
name = "velox-rs"
version = "0.1.0"
dependencies = [
 "telnet",
]
